{
  "requires": true,
  "lockfileVersion": 1,
  "dependencies": {
    "datatables.net": {
      "version": "1.11.4",
      "resolved": "https://registry.npmjs.org/datatables.net/-/datatables.net-1.11.4.tgz",
      "integrity": "sha512-z9LG4O0VYOYzp+rnArLExvnUWV8ikyWBcHYZEKDfVuz7BKxQdEq4a/tpO0Trbm+FL1+RY7UEIh+UcYNY/hwGxA==",
      "requires": {
        "jquery": ">=1.7"
      }
    },
    "datatables.net-bs4": {
      "version": "1.11.4",
      "resolved": "https://registry.npmjs.org/datatables.net-bs4/-/datatables.net-bs4-1.11.4.tgz",
      "integrity": "sha512-4V2uSxFloX1jRIsy4eAt1INyp5M5Pq5SV017/naq3zpVKraaFwqFjLhtkx64UHGXqcPj7egvj27dVcdnNIKnNA==",
      "requires": {
        "datatables.net": ">=1.11.3",
        "jquery": ">=1.7"
      }
    },
    "jquery": {
      "version": "3.6.0",
      "resolved": "https://registry.npmjs.org/jquery/-/jquery-3.6.0.tgz",
      "integrity": "sha512-JVzAR/AjBvVt2BmYhxRCSYysDsPcssdmTFnzyLEts9qNwmjmu4JTAMYubEfwVOSwpQ1I1sKKFcxhZCI2buerfw=="
    }
  }
}
